# This file is automatically @generated by Cargo.
# It is not intended for manual editing.
[[package]]
name = "atk"
version = "0.7.0"
source = "git+https://github.com/gtk-rs/atk#6fab9773575459bb7914ec6bd33fefee131639d1"
dependencies = [
 "atk-sys 0.9.0 (git+https://github.com/gtk-rs/sys)",
 "bitflags 1.1.0 (registry+https://github.com/rust-lang/crates.io-index)",
 "glib 0.8.0 (git+https://github.com/gtk-rs/glib)",
 "glib-sys 0.9.0 (git+https://github.com/gtk-rs/sys)",
 "gobject-sys 0.9.0 (git+https://github.com/gtk-rs/sys)",
 "libc 0.2.60 (registry+https://github.com/rust-lang/crates.io-index)",
]

[[package]]
name = "atk-sys"
version = "0.9.0"
source = "git+https://github.com/gtk-rs/sys#2bc42df145dd0bca1c30b1daf1bdfd2dc01d098c"
dependencies = [
 "glib-sys 0.9.0 (git+https://github.com/gtk-rs/sys)",
 "gobject-sys 0.9.0 (git+https://github.com/gtk-rs/sys)",
 "libc 0.2.60 (registry+https://github.com/rust-lang/crates.io-index)",
 "pkg-config 0.3.15 (registry+https://github.com/rust-lang/crates.io-index)",
]

[[package]]
name = "autocfg"
version = "0.1.6"
source = "registry+https://github.com/rust-lang/crates.io-index"

[[package]]
name = "bitflags"
version = "1.1.0"
source = "registry+https://github.com/rust-lang/crates.io-index"

[[package]]
name = "cairo-rs"
version = "0.7.0"
source = "git+https://github.com/gtk-rs/cairo#d66fce031844718882619521b5fa4dcf02e02e22"
dependencies = [
 "bitflags 1.1.0 (registry+https://github.com/rust-lang/crates.io-index)",
 "cairo-sys-rs 0.9.0 (git+https://github.com/gtk-rs/cairo)",
 "glib 0.8.0 (git+https://github.com/gtk-rs/glib)",
 "glib-sys 0.9.0 (git+https://github.com/gtk-rs/sys)",
 "gobject-sys 0.9.0 (git+https://github.com/gtk-rs/sys)",
 "libc 0.2.60 (registry+https://github.com/rust-lang/crates.io-index)",
]

[[package]]
name = "cairo-sys-rs"
version = "0.9.0"
source = "git+https://github.com/gtk-rs/cairo#d66fce031844718882619521b5fa4dcf02e02e22"
dependencies = [
 "glib-sys 0.9.0 (git+https://github.com/gtk-rs/sys)",
 "libc 0.2.60 (registry+https://github.com/rust-lang/crates.io-index)",
 "pkg-config 0.3.15 (registry+https://github.com/rust-lang/crates.io-index)",
 "winapi 0.3.7 (registry+https://github.com/rust-lang/crates.io-index)",
]

[[package]]
name = "cc"
version = "1.0.38"
source = "registry+https://github.com/rust-lang/crates.io-index"

[[package]]
name = "chrono"
version = "0.4.9"
source = "registry+https://github.com/rust-lang/crates.io-index"
dependencies = [
 "libc 0.2.60 (registry+https://github.com/rust-lang/crates.io-index)",
 "num-integer 0.1.41 (registry+https://github.com/rust-lang/crates.io-index)",
 "num-traits 0.2.8 (registry+https://github.com/rust-lang/crates.io-index)",
 "time 0.1.42 (registry+https://github.com/rust-lang/crates.io-index)",
]

[[package]]
name = "fragile"
version = "0.3.0"
source = "registry+https://github.com/rust-lang/crates.io-index"

[[package]]
name = "gdk"
version = "0.11.0"
source = "git+https://github.com/gtk-rs/gdk#eac540293577566a1644ac950340951f7f6dd3ed"
dependencies = [
 "bitflags 1.1.0 (registry+https://github.com/rust-lang/crates.io-index)",
 "cairo-rs 0.7.0 (git+https://github.com/gtk-rs/cairo)",
 "cairo-sys-rs 0.9.0 (git+https://github.com/gtk-rs/cairo)",
 "gdk-pixbuf 0.7.0 (git+https://github.com/gtk-rs/gdk-pixbuf)",
 "gdk-sys 0.9.0 (git+https://github.com/gtk-rs/sys)",
 "gio 0.7.0 (git+https://github.com/gtk-rs/gio)",
 "gio-sys 0.9.0 (git+https://github.com/gtk-rs/sys)",
 "glib 0.8.0 (git+https://github.com/gtk-rs/glib)",
 "glib-sys 0.9.0 (git+https://github.com/gtk-rs/sys)",
 "gobject-sys 0.9.0 (git+https://github.com/gtk-rs/sys)",
 "libc 0.2.60 (registry+https://github.com/rust-lang/crates.io-index)",
 "pango 0.7.0 (git+https://github.com/gtk-rs/pango)",
]

[[package]]
name = "gdk-pixbuf"
version = "0.7.0"
source = "git+https://github.com/gtk-rs/gdk-pixbuf#8dabbf8c9d8986b402157234f46fab8fb4e99a02"
dependencies = [
 "gdk-pixbuf-sys 0.9.0 (git+https://github.com/gtk-rs/sys)",
 "gio 0.7.0 (git+https://github.com/gtk-rs/gio)",
 "gio-sys 0.9.0 (git+https://github.com/gtk-rs/sys)",
 "glib 0.8.0 (git+https://github.com/gtk-rs/glib)",
 "glib-sys 0.9.0 (git+https://github.com/gtk-rs/sys)",
 "gobject-sys 0.9.0 (git+https://github.com/gtk-rs/sys)",
 "libc 0.2.60 (registry+https://github.com/rust-lang/crates.io-index)",
]

[[package]]
name = "gdk-pixbuf-sys"
version = "0.9.0"
source = "git+https://github.com/gtk-rs/sys#2bc42df145dd0bca1c30b1daf1bdfd2dc01d098c"
dependencies = [
 "gio-sys 0.9.0 (git+https://github.com/gtk-rs/sys)",
 "glib-sys 0.9.0 (git+https://github.com/gtk-rs/sys)",
 "gobject-sys 0.9.0 (git+https://github.com/gtk-rs/sys)",
 "libc 0.2.60 (registry+https://github.com/rust-lang/crates.io-index)",
 "pkg-config 0.3.15 (registry+https://github.com/rust-lang/crates.io-index)",
]

[[package]]
name = "gdk-sys"
version = "0.9.0"
source = "git+https://github.com/gtk-rs/sys#2bc42df145dd0bca1c30b1daf1bdfd2dc01d098c"
dependencies = [
 "cairo-sys-rs 0.9.0 (git+https://github.com/gtk-rs/cairo)",
 "gdk-pixbuf-sys 0.9.0 (git+https://github.com/gtk-rs/sys)",
 "gio-sys 0.9.0 (git+https://github.com/gtk-rs/sys)",
 "glib-sys 0.9.0 (git+https://github.com/gtk-rs/sys)",
 "gobject-sys 0.9.0 (git+https://github.com/gtk-rs/sys)",
 "libc 0.2.60 (registry+https://github.com/rust-lang/crates.io-index)",
 "pango-sys 0.9.0 (git+https://github.com/gtk-rs/sys)",
 "pkg-config 0.3.15 (registry+https://github.com/rust-lang/crates.io-index)",
]

[[package]]
name = "gio"
version = "0.7.0"
source = "git+https://github.com/gtk-rs/gio#f52e1f3c3e8f8d67f9301e6d54085039c6577be6"
dependencies = [
 "bitflags 1.1.0 (registry+https://github.com/rust-lang/crates.io-index)",
 "fragile 0.3.0 (registry+https://github.com/rust-lang/crates.io-index)",
 "gio-sys 0.9.0 (git+https://github.com/gtk-rs/sys)",
 "glib 0.8.0 (git+https://github.com/gtk-rs/glib)",
 "glib-sys 0.9.0 (git+https://github.com/gtk-rs/sys)",
 "gobject-sys 0.9.0 (git+https://github.com/gtk-rs/sys)",
 "lazy_static 1.3.0 (registry+https://github.com/rust-lang/crates.io-index)",
 "libc 0.2.60 (registry+https://github.com/rust-lang/crates.io-index)",
]

[[package]]
name = "gio-sys"
version = "0.9.0"
source = "git+https://github.com/gtk-rs/sys#2bc42df145dd0bca1c30b1daf1bdfd2dc01d098c"
dependencies = [
 "glib-sys 0.9.0 (git+https://github.com/gtk-rs/sys)",
 "gobject-sys 0.9.0 (git+https://github.com/gtk-rs/sys)",
 "libc 0.2.60 (registry+https://github.com/rust-lang/crates.io-index)",
 "pkg-config 0.3.15 (registry+https://github.com/rust-lang/crates.io-index)",
]

[[package]]
name = "glib"
version = "0.8.0"
source = "git+https://github.com/gtk-rs/glib#f0589f46a5403cd513f9c825d461736c14bfd00e"
dependencies = [
 "bitflags 1.1.0 (registry+https://github.com/rust-lang/crates.io-index)",
 "glib-sys 0.9.0 (git+https://github.com/gtk-rs/sys)",
 "gobject-sys 0.9.0 (git+https://github.com/gtk-rs/sys)",
 "lazy_static 1.3.0 (registry+https://github.com/rust-lang/crates.io-index)",
 "libc 0.2.60 (registry+https://github.com/rust-lang/crates.io-index)",
]

[[package]]
name = "glib-sys"
version = "0.9.0"
source = "git+https://github.com/gtk-rs/sys#2bc42df145dd0bca1c30b1daf1bdfd2dc01d098c"
dependencies = [
 "libc 0.2.60 (registry+https://github.com/rust-lang/crates.io-index)",
 "pkg-config 0.3.15 (registry+https://github.com/rust-lang/crates.io-index)",
]

[[package]]
name = "gobject-sys"
version = "0.9.0"
source = "git+https://github.com/gtk-rs/sys#2bc42df145dd0bca1c30b1daf1bdfd2dc01d098c"
dependencies = [
 "glib-sys 0.9.0 (git+https://github.com/gtk-rs/sys)",
 "libc 0.2.60 (registry+https://github.com/rust-lang/crates.io-index)",
 "pkg-config 0.3.15 (registry+https://github.com/rust-lang/crates.io-index)",
]

[[package]]
name = "gtk"
version = "0.7.0"
source = "git+https://github.com/gtk-rs/gtk#4e3d79cecc70013f5be1b9ff419b60daaf81ec55"
dependencies = [
 "atk 0.7.0 (git+https://github.com/gtk-rs/atk)",
 "bitflags 1.1.0 (registry+https://github.com/rust-lang/crates.io-index)",
 "cairo-rs 0.7.0 (git+https://github.com/gtk-rs/cairo)",
 "cairo-sys-rs 0.9.0 (git+https://github.com/gtk-rs/cairo)",
 "cc 1.0.38 (registry+https://github.com/rust-lang/crates.io-index)",
 "gdk 0.11.0 (git+https://github.com/gtk-rs/gdk)",
 "gdk-pixbuf 0.7.0 (git+https://github.com/gtk-rs/gdk-pixbuf)",
 "gdk-pixbuf-sys 0.9.0 (git+https://github.com/gtk-rs/sys)",
 "gdk-sys 0.9.0 (git+https://github.com/gtk-rs/sys)",
 "gio 0.7.0 (git+https://github.com/gtk-rs/gio)",
 "gio-sys 0.9.0 (git+https://github.com/gtk-rs/sys)",
 "glib 0.8.0 (git+https://github.com/gtk-rs/glib)",
 "glib-sys 0.9.0 (git+https://github.com/gtk-rs/sys)",
 "gobject-sys 0.9.0 (git+https://github.com/gtk-rs/sys)",
 "gtk-sys 0.9.0 (git+https://github.com/gtk-rs/sys)",
 "lazy_static 1.3.0 (registry+https://github.com/rust-lang/crates.io-index)",
 "libc 0.2.60 (registry+https://github.com/rust-lang/crates.io-index)",
 "pango 0.7.0 (git+https://github.com/gtk-rs/pango)",
 "pango-sys 0.9.0 (git+https://github.com/gtk-rs/sys)",
]

[[package]]
name = "gtk-layer-shell-rs"
version = "0.1.0"
dependencies = [
 "bitflags 1.1.0 (registry+https://github.com/rust-lang/crates.io-index)",
 "gdk 0.11.0 (git+https://github.com/gtk-rs/gdk)",
 "gio 0.7.0 (git+https://github.com/gtk-rs/gio)",
 "glib 0.8.0 (git+https://github.com/gtk-rs/glib)",
 "glib-sys 0.9.0 (git+https://github.com/gtk-rs/sys)",
 "gtk 0.7.0 (git+https://github.com/gtk-rs/gtk)",
 "gtk-layer-shell-sys 0.0.1",
 "gtk-sys 0.9.0 (git+https://github.com/gtk-rs/sys)",
 "libc 0.2.60 (registry+https://github.com/rust-lang/crates.io-index)",
]

[[package]]
name = "gtk-layer-shell-sys"
version = "0.0.1"
dependencies = [
 "cairo-sys-rs 0.9.0 (git+https://github.com/gtk-rs/cairo)",
 "gdk-pixbuf-sys 0.9.0 (git+https://github.com/gtk-rs/sys)",
 "gdk-sys 0.9.0 (git+https://github.com/gtk-rs/sys)",
 "gio-sys 0.9.0 (git+https://github.com/gtk-rs/sys)",
 "glib-sys 0.9.0 (git+https://github.com/gtk-rs/sys)",
 "gobject-sys 0.9.0 (git+https://github.com/gtk-rs/sys)",
 "gtk-sys 0.9.0 (git+https://github.com/gtk-rs/sys)",
 "libc 0.2.60 (registry+https://github.com/rust-lang/crates.io-index)",
 "pkg-config 0.3.15 (registry+https://github.com/rust-lang/crates.io-index)",
]

[[package]]
name = "gtk-sys"
version = "0.9.0"
source = "git+https://github.com/gtk-rs/sys#2bc42df145dd0bca1c30b1daf1bdfd2dc01d098c"
dependencies = [
 "atk-sys 0.9.0 (git+https://github.com/gtk-rs/sys)",
 "cairo-sys-rs 0.9.0 (git+https://github.com/gtk-rs/cairo)",
 "gdk-pixbuf-sys 0.9.0 (git+https://github.com/gtk-rs/sys)",
 "gdk-sys 0.9.0 (git+https://github.com/gtk-rs/sys)",
 "gio-sys 0.9.0 (git+https://github.com/gtk-rs/sys)",
 "glib-sys 0.9.0 (git+https://github.com/gtk-rs/sys)",
 "gobject-sys 0.9.0 (git+https://github.com/gtk-rs/sys)",
 "libc 0.2.60 (registry+https://github.com/rust-lang/crates.io-index)",
 "pango-sys 0.9.0 (git+https://github.com/gtk-rs/sys)",
 "pkg-config 0.3.15 (registry+https://github.com/rust-lang/crates.io-index)",
]

[[package]]
name = "lazy_static"
version = "1.3.0"
source = "registry+https://github.com/rust-lang/crates.io-index"

[[package]]
name = "libc"
version = "0.2.60"
source = "registry+https://github.com/rust-lang/crates.io-index"

[[package]]
name = "num-integer"
version = "0.1.41"
source = "registry+https://github.com/rust-lang/crates.io-index"
dependencies = [
 "autocfg 0.1.6 (registry+https://github.com/rust-lang/crates.io-index)",
 "num-traits 0.2.8 (registry+https://github.com/rust-lang/crates.io-index)",
]

[[package]]
name = "num-traits"
version = "0.2.8"
source = "registry+https://github.com/rust-lang/crates.io-index"
dependencies = [
 "autocfg 0.1.6 (registry+https://github.com/rust-lang/crates.io-index)",
]

[[package]]
name = "pango"
version = "0.7.0"
source = "git+https://github.com/gtk-rs/pango#54fa7b43757397100995cc5eee2d513997802db7"
dependencies = [
 "bitflags 1.1.0 (registry+https://github.com/rust-lang/crates.io-index)",
 "glib 0.8.0 (git+https://github.com/gtk-rs/glib)",
 "glib-sys 0.9.0 (git+https://github.com/gtk-rs/sys)",
 "gobject-sys 0.9.0 (git+https://github.com/gtk-rs/sys)",
 "lazy_static 1.3.0 (registry+https://github.com/rust-lang/crates.io-index)",
 "libc 0.2.60 (registry+https://github.com/rust-lang/crates.io-index)",
 "pango-sys 0.9.0 (git+https://github.com/gtk-rs/sys)",
]

[[package]]
name = "pango-sys"
version = "0.9.0"
source = "git+https://github.com/gtk-rs/sys#2bc42df145dd0bca1c30b1daf1bdfd2dc01d098c"
dependencies = [
 "glib-sys 0.9.0 (git+https://github.com/gtk-rs/sys)",
 "gobject-sys 0.9.0 (git+https://github.com/gtk-rs/sys)",
 "libc 0.2.60 (registry+https://github.com/rust-lang/crates.io-index)",
 "pkg-config 0.3.15 (registry+https://github.com/rust-lang/crates.io-index)",
]

[[package]]
name = "pkg-config"
version = "0.3.15"
source = "registry+https://github.com/rust-lang/crates.io-index"

[[package]]
name = "redox_syscall"
version = "0.1.56"
source = "registry+https://github.com/rust-lang/crates.io-index"

[[package]]
name = "rustbar"
version = "0.1.0"
dependencies = [
 "chrono 0.4.9 (registry+https://github.com/rust-lang/crates.io-index)",
 "gio 0.7.0 (git+https://github.com/gtk-rs/gio)",
 "glib 0.8.0 (git+https://github.com/gtk-rs/glib)",
 "gtk 0.7.0 (git+https://github.com/gtk-rs/gtk)",
 "gtk-layer-shell-rs 0.1.0",
]

[[package]]
name = "time"
version = "0.1.42"
source = "registry+https://github.com/rust-lang/crates.io-index"
dependencies = [
 "libc 0.2.60 (registry+https://github.com/rust-lang/crates.io-index)",
 "redox_syscall 0.1.56 (registry+https://github.com/rust-lang/crates.io-index)",
 "winapi 0.3.7 (registry+https://github.com/rust-lang/crates.io-index)",
]

[[package]]
name = "winapi"
version = "0.3.7"
source = "registry+https://github.com/rust-lang/crates.io-index"
dependencies = [
 "winapi-i686-pc-windows-gnu 0.4.0 (registry+https://github.com/rust-lang/crates.io-index)",
 "winapi-x86_64-pc-windows-gnu 0.4.0 (registry+https://github.com/rust-lang/crates.io-index)",
]

[[package]]
name = "winapi-i686-pc-windows-gnu"
version = "0.4.0"
source = "registry+https://github.com/rust-lang/crates.io-index"

[[package]]
name = "winapi-x86_64-pc-windows-gnu"
version = "0.4.0"
source = "registry+https://github.com/rust-lang/crates.io-index"

[metadata]
"checksum atk 0.7.0 (git+https://github.com/gtk-rs/atk)" = "<none>"
"checksum atk-sys 0.9.0 (git+https://github.com/gtk-rs/sys)" = "<none>"
"checksum autocfg 0.1.6 (registry+https://github.com/rust-lang/crates.io-index)" = "b671c8fb71b457dd4ae18c4ba1e59aa81793daacc361d82fcd410cef0d491875"
"checksum bitflags 1.1.0 (registry+https://github.com/rust-lang/crates.io-index)" = "3d155346769a6855b86399e9bc3814ab343cd3d62c7e985113d46a0ec3c281fd"
"checksum cairo-rs 0.7.0 (git+https://github.com/gtk-rs/cairo)" = "<none>"
"checksum cairo-sys-rs 0.9.0 (git+https://github.com/gtk-rs/cairo)" = "<none>"
"checksum cc 1.0.38 (registry+https://github.com/rust-lang/crates.io-index)" = "ce400c638d48ee0e9ab75aef7997609ec57367ccfe1463f21bf53c3eca67bf46"
"checksum chrono 0.4.9 (registry+https://github.com/rust-lang/crates.io-index)" = "e8493056968583b0193c1bb04d6f7684586f3726992d6c573261941a895dbd68"
"checksum fragile 0.3.0 (registry+https://github.com/rust-lang/crates.io-index)" = "05f8140122fa0d5dcb9fc8627cfce2b37cc1500f752636d46ea28bc26785c2f9"
"checksum gdk 0.11.0 (git+https://github.com/gtk-rs/gdk)" = "<none>"
"checksum gdk-pixbuf 0.7.0 (git+https://github.com/gtk-rs/gdk-pixbuf)" = "<none>"
"checksum gdk-pixbuf-sys 0.9.0 (git+https://github.com/gtk-rs/sys)" = "<none>"
"checksum gdk-sys 0.9.0 (git+https://github.com/gtk-rs/sys)" = "<none>"
"checksum gio 0.7.0 (git+https://github.com/gtk-rs/gio)" = "<none>"
"checksum gio-sys 0.9.0 (git+https://github.com/gtk-rs/sys)" = "<none>"
"checksum glib 0.8.0 (git+https://github.com/gtk-rs/glib)" = "<none>"
"checksum glib-sys 0.9.0 (git+https://github.com/gtk-rs/sys)" = "<none>"
"checksum gobject-sys 0.9.0 (git+https://github.com/gtk-rs/sys)" = "<none>"
"checksum gtk 0.7.0 (git+https://github.com/gtk-rs/gtk)" = "<none>"
"checksum gtk-sys 0.9.0 (git+https://github.com/gtk-rs/sys)" = "<none>"
"checksum lazy_static 1.3.0 (registry+https://github.com/rust-lang/crates.io-index)" = "bc5729f27f159ddd61f4df6228e827e86643d4d3e7c32183cb30a1c08f604a14"
"checksum libc 0.2.60 (registry+https://github.com/rust-lang/crates.io-index)" = "d44e80633f007889c7eff624b709ab43c92d708caad982295768a7b13ca3b5eb"
"checksum num-integer 0.1.41 (registry+https://github.com/rust-lang/crates.io-index)" = "b85e541ef8255f6cf42bbfe4ef361305c6c135d10919ecc26126c4e5ae94bc09"
"checksum num-traits 0.2.8 (registry+https://github.com/rust-lang/crates.io-index)" = "6ba9a427cfca2be13aa6f6403b0b7e7368fe982bfa16fccc450ce74c46cd9b32"
"checksum pango 0.7.0 (git+https://github.com/gtk-rs/pango)" = "<none>"
"checksum pango-sys 0.9.0 (git+https://github.com/gtk-rs/sys)" = "<none>"
"checksum pkg-config 0.3.15 (registry+https://github.com/rust-lang/crates.io-index)" = "a7c1d2cfa5a714db3b5f24f0915e74fcdf91d09d496ba61329705dda7774d2af"
"checksum redox_syscall 0.1.56 (registry+https://github.com/rust-lang/crates.io-index)" = "2439c63f3f6139d1b57529d16bc3b8bb855230c8efcc5d3a896c8bea7c3b1e84"
"checksum time 0.1.42 (registry+https://github.com/rust-lang/crates.io-index)" = "db8dcfca086c1143c9270ac42a2bbd8a7ee477b78ac8e45b19abfb0cbede4b6f"
"checksum winapi 0.3.7 (registry+https://github.com/rust-lang/crates.io-index)" = "f10e386af2b13e47c89e7236a7a14a086791a2b88ebad6df9bf42040195cf770"
"checksum winapi-i686-pc-windows-gnu 0.4.0 (registry+https://github.com/rust-lang/crates.io-index)" = "ac3b87c63620426dd9b991e5ce0329eff545bccbbb34f3be09ff6fb6ab51b7b6"
"checksum winapi-x86_64-pc-windows-gnu 0.4.0 (registry+https://github.com/rust-lang/crates.io-index)" = "712e227841d057c1ee1cd2fb22fa7e5a5461ae8e48fa2ca79ec42cfc1931183f"
